
Microsoft Visual Studio Solution File, Format Version 11.00
# Visual Studio 2010
Project("{FAE04EC0-301F-11D3-BF4B-00C04F79EFBC}") = "techpistol", "techpistol.csproj", "{D73419C0-F351-4F54-9E83-85083DDAA58A}"
EndProject
Global
	GlobalSection(SolutionConfigurationPlatforms) = preSolution
		Debug|Any CPU = Debug|Any CPU
		Release|Any CPU = Release|Any CPU
	EndGlobalSection
	GlobalSection(ProjectConfigurationPlatforms) = postSolution
		{D73419C0-F351-4F54-9E83-85083DDAA58A}.Debug|Any CPU.ActiveCfg = Debug|Any CPU
		{D73419C0-F351-4F54-9E83-85083DDAA58A}.Debug|Any CPU.Build.0 = Debug|Any CPU
		{D73419C0-F351-4F54-9E83-85083DDAA58A}.Release|Any CPU.ActiveCfg = Release|Any CPU
		{D73419C0-F351-4F54-9E83-85083DDAA58A}.Release|Any CPU.Build.0 = Release|Any CPU
	EndGlobalSection
	GlobalSection(SolutionProperties) = preSolution
		HideSolutionNode = FALSE
	EndGlobalSection
EndGlobal
